# THIS IS AN AUTOGENERATED FILE. DO NOT EDIT THIS FILE DIRECTLY.
assets/souljour_v2_style.scss.liquid:
  development: 2017-09-05T17:06:10-04:00   143f5edc29b29bd4ee3ad3aa805a2b31
sections/footer.liquid:
  development: 2017-09-05T17:11:55-04:00   9270f3b218b263916ef87329d602c1d9
snippets/onboarding-featured-products.liquid:
  development: 2017-09-05T12:49:09-04:00   4946678fed1c085a3230e1fa5635ddef
snippets/product-grid-item.liquid:
  development: 2017-09-05T12:51:27-04:00   7cf305631ec5cab2e534128692bcfb2d
templates/page.contact.liquid:
  development: 2017-09-05T13:00:26-04:00   f3a2df073e91cb928cfbed24be41cbf0
